// !$*UTF8*$!
{
	archiveVersion = 1;
	classes = {
	};
	objectVersion = 50;
	objects = {

/* Begin PBXBuildFile section */
		0B86E211D67AE692E58D343E /* Pods_PreFRDB.framework in Frameworks */ = {isa = PBXBuildFile; fileRef = D0AD1B3B6FC6055CCD5BFF8E /* Pods_PreFRDB.framework */; };
		72ADAFECC669EF052E1CD8E6 /* Pods_PreFRDBTests.framework in Frameworks */ = {isa = PBXBuildFile; fileRef = 3D4A4F3555557491022486E6 /* Pods_PreFRDBTests.framework */; };
		7AC04B988F7A202AA8D99CE6 /* Pods_PreFRDBUITests.framework in Frameworks */ = {isa = PBXBuildFile; fileRef = FF2D5BD9486A07ABB83854C3 /* Pods_PreFRDBUITests.framework */; };
		EA02822B2090107200022196 /* UserRepository.swift in Sources */ = {isa = PBXBuildFile; fileRef = EA0282252090107200022196 /* UserRepository.swift */; };
		EA02822C2090107200022196 /* CommentRepository.swift in Sources */ = {isa = PBXBuildFile; fileRef = EA0282262090107200022196 /* CommentRepository.swift */; };
		EA02822D2090107200022196 /* LinkRepository.swift in Sources */ = {isa = PBXBuildFile; fileRef = EA0282272090107200022196 /* LinkRepository.swift */; };
		EA02822E2090107200022196 /* DataProvider.swift in Sources */ = {isa = PBXBuildFile; fileRef = EA0282282090107200022196 /* DataProvider.swift */; };
		EA02822F2090107200022196 /* UseCase.swift in Sources */ = {isa = PBXBuildFile; fileRef = EA02822A2090107200022196 /* UseCase.swift */; };
		EA028232209010A500022196 /* LinkModel.swift in Sources */ = {isa = PBXBuildFile; fileRef = EA028231209010A500022196 /* LinkModel.swift */; };
		EA0282342090113800022196 /* UserModel.swift in Sources */ = {isa = PBXBuildFile; fileRef = EA0282332090113800022196 /* UserModel.swift */; };
		EA0282362090118900022196 /* CommentModel.swift in Sources */ = {isa = PBXBuildFile; fileRef = EA0282352090118900022196 /* CommentModel.swift */; };
		EA0282382090150800022196 /* Translator.swift in Sources */ = {isa = PBXBuildFile; fileRef = EA0282372090150800022196 /* Translator.swift */; };
		EA02823B2090178D00022196 /* LinkTranslator.swift in Sources */ = {isa = PBXBuildFile; fileRef = EA02823A2090178D00022196 /* LinkTranslator.swift */; };
		EA02823D2090183500022196 /* UserTranslator.swift in Sources */ = {isa = PBXBuildFile; fileRef = EA02823C2090183500022196 /* UserTranslator.swift */; };
		EA02823F2090188B00022196 /* CommentTranslator.swift in Sources */ = {isa = PBXBuildFile; fileRef = EA02823E2090188B00022196 /* CommentTranslator.swift */; };
		EA148BAC208F5E0400EB22A4 /* AppDelegate.swift in Sources */ = {isa = PBXBuildFile; fileRef = EA148BAB208F5E0400EB22A4 /* AppDelegate.swift */; };
		EA148BAE208F5E0400EB22A4 /* ViewController.swift in Sources */ = {isa = PBXBuildFile; fileRef = EA148BAD208F5E0400EB22A4 /* ViewController.swift */; };
		EA148BB1208F5E0400EB22A4 /* Main.storyboard in Resources */ = {isa = PBXBuildFile; fileRef = EA148BAF208F5E0400EB22A4 /* Main.storyboard */; };
		EA148BB3208F5E0800EB22A4 /* Assets.xcassets in Resources */ = {isa = PBXBuildFile; fileRef = EA148BB2208F5E0800EB22A4 /* Assets.xcassets */; };
		EA148BB6208F5E0800EB22A4 /* LaunchScreen.storyboard in Resources */ = {isa = PBXBuildFile; fileRef = EA148BB4208F5E0800EB22A4 /* LaunchScreen.storyboard */; };
		EA148BC1208F5E0800EB22A4 /* PreFRDBTests.swift in Sources */ = {isa = PBXBuildFile; fileRef = EA148BC0208F5E0800EB22A4 /* PreFRDBTests.swift */; };
		EA148BCC208F5E0800EB22A4 /* PreFRDBUITests.swift in Sources */ = {isa = PBXBuildFile; fileRef = EA148BCB208F5E0800EB22A4 /* PreFRDBUITests.swift */; };
		EA148BDA208FCEC100EB22A4 /* GoogleService-Info.plist in Resources */ = {isa = PBXBuildFile; fileRef = EA148BD9208FCEC100EB22A4 /* GoogleService-Info.plist */; };
		EA148BDE2090047F00EB22A4 /* UserEntity.swift in Sources */ = {isa = PBXBuildFile; fileRef = EA148BDD2090047F00EB22A4 /* UserEntity.swift */; };
		EA148BE2209004DD00EB22A4 /* CommentEntity.swift in Sources */ = {isa = PBXBuildFile; fileRef = EA148BE1209004DD00EB22A4 /* CommentEntity.swift */; };
		EA148BE42090051200EB22A4 /* LinkEntity.swift in Sources */ = {isa = PBXBuildFile; fileRef = EA148BE32090051200EB22A4 /* LinkEntity.swift */; };
		EA148BE72090055C00EB22A4 /* Entity.swift in Sources */ = {isa = PBXBuildFile; fileRef = EA148BE62090055C00EB22A4 /* Entity.swift */; };
		EA148BEC209005E200EB22A4 /* DatabaseReference+.swift in Sources */ = {isa = PBXBuildFile; fileRef = EA148BEB209005E200EB22A4 /* DatabaseReference+.swift */; };
/* End PBXBuildFile section */

/* Begin PBXContainerItemProxy section */
		EA148BBD208F5E0800EB22A4 /* PBXContainerItemProxy */ = {
			isa = PBXContainerItemProxy;
			containerPortal = EA148BA0208F5E0400EB22A4 /* Project object */;
			proxyType = 1;
			remoteGlobalIDString = EA148BA7208F5E0400EB22A4;
			remoteInfo = PreFRDB;
		};
		EA148BC8208F5E0800EB22A4 /* PBXContainerItemProxy */ = {
			isa = PBXContainerItemProxy;
			containerPortal = EA148BA0208F5E0400EB22A4 /* Project object */;
			proxyType = 1;
			remoteGlobalIDString = EA148BA7208F5E0400EB22A4;
			remoteInfo = PreFRDB;
		};
/* End PBXContainerItemProxy section */

/* Begin PBXFileReference section */
		00F4670AED698ED73D77AE0A /* Pods-PreFRDBUITests.release.xcconfig */ = {isa = PBXFileReference; includeInIndex = 1; lastKnownFileType = text.xcconfig; name = "Pods-PreFRDBUITests.release.xcconfig"; path = "Pods/Target Support Files/Pods-PreFRDBUITests/Pods-PreFRDBUITests.release.xcconfig"; sourceTree = "<group>"; };
		0D281B196F178D81D4CEAB1B /* Pods-PreFRDB.debug.xcconfig */ = {isa = PBXFileReference; includeInIndex = 1; lastKnownFileType = text.xcconfig; name = "Pods-PreFRDB.debug.xcconfig"; path = "Pods/Target Support Files/Pods-PreFRDB/Pods-PreFRDB.debug.xcconfig"; sourceTree = "<group>"; };
		1D21B29DECFB33B5EF1AF459 /* Pods-PreFRDB.release.xcconfig */ = {isa = PBXFileReference; includeInIndex = 1; lastKnownFileType = text.xcconfig; name = "Pods-PreFRDB.release.xcconfig"; path = "Pods/Target Support Files/Pods-PreFRDB/Pods-PreFRDB.release.xcconfig"; sourceTree = "<group>"; };
		357BB40EEA2277F5A9F644EA /* Pods-PreFRDBTests.debug.xcconfig */ = {isa = PBXFileReference; includeInIndex = 1; lastKnownFileType = text.xcconfig; name = "Pods-PreFRDBTests.debug.xcconfig"; path = "Pods/Target Support Files/Pods-PreFRDBTests/Pods-PreFRDBTests.debug.xcconfig"; sourceTree = "<group>"; };
		3D4A4F3555557491022486E6 /* Pods_PreFRDBTests.framework */ = {isa = PBXFileReference; explicitFileType = wrapper.framework; includeInIndex = 0; path = Pods_PreFRDBTests.framework; sourceTree = BUILT_PRODUCTS_DIR; };
		6751C134154C77D2C0F16D17 /* Pods-PreFRDBTests.release.xcconfig */ = {isa = PBXFileReference; includeInIndex = 1; lastKnownFileType = text.xcconfig; name = "Pods-PreFRDBTests.release.xcconfig"; path = "Pods/Target Support Files/Pods-PreFRDBTests/Pods-PreFRDBTests.release.xcconfig"; sourceTree = "<group>"; };
		C9C85A3F0BF6ECF288BD7337 /* Pods-PreFRDBUITests.debug.xcconfig */ = {isa = PBXFileReference; includeInIndex = 1; lastKnownFileType = text.xcconfig; name = "Pods-PreFRDBUITests.debug.xcconfig"; path = "Pods/Target Support Files/Pods-PreFRDBUITests/Pods-PreFRDBUITests.debug.xcconfig"; sourceTree = "<group>"; };
		D0AD1B3B6FC6055CCD5BFF8E /* Pods_PreFRDB.framework */ = {isa = PBXFileReference; explicitFileType = wrapper.framework; includeInIndex = 0; path = Pods_PreFRDB.framework; sourceTree = BUILT_PRODUCTS_DIR; };
		EA0282252090107200022196 /* UserRepository.swift */ = {isa = PBXFileReference; fileEncoding = 4; lastKnownFileType = sourcecode.swift; path = UserRepository.swift; sourceTree = "<group>"; };
		EA0282262090107200022196 /* CommentRepository.swift */ = {isa = PBXFileReference; fileEncoding = 4; lastKnownFileType = sourcecode.swift; path = CommentRepository.swift; sourceTree = "<group>"; };
		EA0282272090107200022196 /* LinkRepository.swift */ = {isa = PBXFileReference; fileEncoding = 4; lastKnownFileType = sourcecode.swift; path = LinkRepository.swift; sourceTree = "<group>"; };
		EA0282282090107200022196 /* DataProvider.swift */ = {isa = PBXFileReference; fileEncoding = 4; lastKnownFileType = sourcecode.swift; path = DataProvider.swift; sourceTree = "<group>"; };
		EA02822A2090107200022196 /* UseCase.swift */ = {isa = PBXFileReference; fileEncoding = 4; lastKnownFileType = sourcecode.swift; path = UseCase.swift; sourceTree = "<group>"; };
		EA028231209010A500022196 /* LinkModel.swift */ = {isa = PBXFileReference; lastKnownFileType = sourcecode.swift; path = LinkModel.swift; sourceTree = "<group>"; };
		EA0282332090113800022196 /* UserModel.swift */ = {isa = PBXFileReference; lastKnownFileType = sourcecode.swift; path = UserModel.swift; sourceTree = "<group>"; };
		EA0282352090118900022196 /* CommentModel.swift */ = {isa = PBXFileReference; lastKnownFileType = sourcecode.swift; path = CommentModel.swift; sourceTree = "<group>"; };
		EA0282372090150800022196 /* Translator.swift */ = {isa = PBXFileReference; lastKnownFileType = sourcecode.swift; path = Translator.swift; sourceTree = "<group>"; };
		EA02823A2090178D00022196 /* LinkTranslator.swift */ = {isa = PBXFileReference; lastKnownFileType = sourcecode.swift; path = LinkTranslator.swift; sourceTree = "<group>"; };
		EA02823C2090183500022196 /* UserTranslator.swift */ = {isa = PBXFileReference; lastKnownFileType = sourcecode.swift; path = UserTranslator.swift; sourceTree = "<group>"; };
		EA02823E2090188B00022196 /* CommentTranslator.swift */ = {isa = PBXFileReference; lastKnownFileType = sourcecode.swift; path = CommentTranslator.swift; sourceTree = "<group>"; };
		EA148BA8208F5E0400EB22A4 /* PreFRDB.app */ = {isa = PBXFileReference; explicitFileType = wrapper.application; includeInIndex = 0; path = PreFRDB.app; sourceTree = BUILT_PRODUCTS_DIR; };
		EA148BAB208F5E0400EB22A4 /* AppDelegate.swift */ = {isa = PBXFileReference; lastKnownFileType = sourcecode.swift; path = AppDelegate.swift; sourceTree = "<group>"; };
		EA148BAD208F5E0400EB22A4 /* ViewController.swift */ = {isa = PBXFileReference; lastKnownFileType = sourcecode.swift; path = ViewController.swift; sourceTree = "<group>"; };
		EA148BB0208F5E0400EB22A4 /* Base */ = {isa = PBXFileReference; lastKnownFileType = file.storyboard; name = Base; path = Base.lproj/Main.storyboard; sourceTree = "<group>"; };
		EA148BB2208F5E0800EB22A4 /* Assets.xcassets */ = {isa = PBXFileReference; lastKnownFileType = folder.assetcatalog; path = Assets.xcassets; sourceTree = "<group>"; };
		EA148BB5208F5E0800EB22A4 /* Base */ = {isa = PBXFileReference; lastKnownFileType = file.storyboard; name = Base; path = Base.lproj/LaunchScreen.storyboard; sourceTree = "<group>"; };
		EA148BB7208F5E0800EB22A4 /* Info.plist */ = {isa = PBXFileReference; lastKnownFileType = text.plist.xml; path = Info.plist; sourceTree = "<group>"; };
		EA148BBC208F5E0800EB22A4 /* PreFRDBTests.xctest */ = {isa = PBXFileReference; explicitFileType = wrapper.cfbundle; includeInIndex = 0; path = PreFRDBTests.xctest; sourceTree = BUILT_PRODUCTS_DIR; };
		EA148BC0208F5E0800EB22A4 /* PreFRDBTests.swift */ = {isa = PBXFileReference; lastKnownFileType = sourcecode.swift; path = PreFRDBTests.swift; sourceTree = "<group>"; };
		EA148BC2208F5E0800EB22A4 /* Info.plist */ = {isa = PBXFileReference; lastKnownFileType = text.plist.xml; path = Info.plist; sourceTree = "<group>"; };
		EA148BC7208F5E0800EB22A4 /* PreFRDBUITests.xctest */ = {isa = PBXFileReference; explicitFileType = wrapper.cfbundle; includeInIndex = 0; path = PreFRDBUITests.xctest; sourceTree = BUILT_PRODUCTS_DIR; };
		EA148BCB208F5E0800EB22A4 /* PreFRDBUITests.swift */ = {isa = PBXFileReference; lastKnownFileType = sourcecode.swift; path = PreFRDBUITests.swift; sourceTree = "<group>"; };
		EA148BCD208F5E0800EB22A4 /* Info.plist */ = {isa = PBXFileReference; lastKnownFileType = text.plist.xml; path = Info.plist; sourceTree = "<group>"; };
		EA148BD9208FCEC100EB22A4 /* GoogleService-Info.plist */ = {isa = PBXFileReference; fileEncoding = 4; lastKnownFileType = text.plist.xml; path = "GoogleService-Info.plist"; sourceTree = SOURCE_ROOT; };
		EA148BDD2090047F00EB22A4 /* UserEntity.swift */ = {isa = PBXFileReference; lastKnownFileType = sourcecode.swift; path = UserEntity.swift; sourceTree = "<group>"; };
		EA148BE1209004DD00EB22A4 /* CommentEntity.swift */ = {isa = PBXFileReference; lastKnownFileType = sourcecode.swift; path = CommentEntity.swift; sourceTree = "<group>"; };
		EA148BE32090051200EB22A4 /* LinkEntity.swift */ = {isa = PBXFileReference; lastKnownFileType = sourcecode.swift; path = LinkEntity.swift; sourceTree = "<group>"; };
		EA148BE62090055C00EB22A4 /* Entity.swift */ = {isa = PBXFileReference; fileEncoding = 4; lastKnownFileType = sourcecode.swift; path = Entity.swift; sourceTree = "<group>"; };
		EA148BEB209005E200EB22A4 /* DatabaseReference+.swift */ = {isa = PBXFileReference; lastKnownFileType = sourcecode.swift; path = "DatabaseReference+.swift"; sourceTree = "<group>"; };
		FF2D5BD9486A07ABB83854C3 /* Pods_PreFRDBUITests.framework */ = {isa = PBXFileReference; explicitFileType = wrapper.framework; includeInIndex = 0; path = Pods_PreFRDBUITests.framework; sourceTree = BUILT_PRODUCTS_DIR; };
/* End PBXFileReference section */

/* Begin PBXFrameworksBuildPhase section */
		EA148BA5208F5E0400EB22A4 /* Frameworks */ = {
			isa = PBXFrameworksBuildPhase;
			buildActionMask = 2147483647;
			files = (
				0B86E211D67AE692E58D343E /* Pods_PreFRDB.framework in Frameworks */,
			);
			runOnlyForDeploymentPostprocessing = 0;
		};
		EA148BB9208F5E0800EB22A4 /* Frameworks */ = {
			isa = PBXFrameworksBuildPhase;
			buildActionMask = 2147483647;
			files = (
				72ADAFECC669EF052E1CD8E6 /* Pods_PreFRDBTests.framework in Frameworks */,
			);
			runOnlyForDeploymentPostprocessing = 0;
		};
		EA148BC4208F5E0800EB22A4 /* Frameworks */ = {
			isa = PBXFrameworksBuildPhase;
			buildActionMask = 2147483647;
			files = (
				7AC04B988F7A202AA8D99CE6 /* Pods_PreFRDBUITests.framework in Frameworks */,
			);
			runOnlyForDeploymentPostprocessing = 0;
		};
/* End PBXFrameworksBuildPhase section */

/* Begin PBXGroup section */
		137C9714F7E97D8CC6D80EE6 /* Pods */ = {
			isa = PBXGroup;
			children = (
				0D281B196F178D81D4CEAB1B /* Pods-PreFRDB.debug.xcconfig */,
				1D21B29DECFB33B5EF1AF459 /* Pods-PreFRDB.release.xcconfig */,
				357BB40EEA2277F5A9F644EA /* Pods-PreFRDBTests.debug.xcconfig */,
				6751C134154C77D2C0F16D17 /* Pods-PreFRDBTests.release.xcconfig */,
				C9C85A3F0BF6ECF288BD7337 /* Pods-PreFRDBUITests.debug.xcconfig */,
				00F4670AED698ED73D77AE0A /* Pods-PreFRDBUITests.release.xcconfig */,
			);
			name = Pods;
			sourceTree = "<group>";
		};
		9D8232863D992EA9F07B531D /* Frameworks */ = {
			isa = PBXGroup;
			children = (
				D0AD1B3B6FC6055CCD5BFF8E /* Pods_PreFRDB.framework */,
				3D4A4F3555557491022486E6 /* Pods_PreFRDBTests.framework */,
				FF2D5BD9486A07ABB83854C3 /* Pods_PreFRDBUITests.framework */,
			);
			name = Frameworks;
			sourceTree = "<group>";
		};
		EA0282232090107200022196 /* Component */ = {
			isa = PBXGroup;
			children = (
				EA0282282090107200022196 /* DataProvider.swift */,
				EA0282292090107200022196 /* UseCase */,
				EA0282242090107200022196 /* Repository */,
				EA0282392090174000022196 /* Translator */,
			);
			path = Component;
			sourceTree = "<group>";
		};
		EA0282242090107200022196 /* Repository */ = {
			isa = PBXGroup;
			children = (
				EA0282252090107200022196 /* UserRepository.swift */,
				EA0282262090107200022196 /* CommentRepository.swift */,
				EA0282272090107200022196 /* LinkRepository.swift */,
			);
			path = Repository;
			sourceTree = "<group>";
		};
		EA0282292090107200022196 /* UseCase */ = {
			isa = PBXGroup;
			children = (
				EA02822A2090107200022196 /* UseCase.swift */,
			);
			path = UseCase;
			sourceTree = "<group>";
		};
		EA0282302090109600022196 /* Model */ = {
			isa = PBXGroup;
			children = (
				EA0282332090113800022196 /* UserModel.swift */,
				EA028231209010A500022196 /* LinkModel.swift */,
				EA0282352090118900022196 /* CommentModel.swift */,
			);
			path = Model;
			sourceTree = "<group>";
		};
		EA0282392090174000022196 /* Translator */ = {
			isa = PBXGroup;
			children = (
				EA0282372090150800022196 /* Translator.swift */,
				EA02823C2090183500022196 /* UserTranslator.swift */,
				EA02823A2090178D00022196 /* LinkTranslator.swift */,
				EA02823E2090188B00022196 /* CommentTranslator.swift */,
			);
			path = Translator;
			sourceTree = "<group>";
		};
		EA148B9F208F5E0400EB22A4 = {
			isa = PBXGroup;
			children = (
				EA148BAA208F5E0400EB22A4 /* PreFRDB */,
				EA148BBF208F5E0800EB22A4 /* PreFRDBTests */,
				EA148BCA208F5E0800EB22A4 /* PreFRDBUITests */,
				EA148BA9208F5E0400EB22A4 /* Products */,
				137C9714F7E97D8CC6D80EE6 /* Pods */,
				9D8232863D992EA9F07B531D /* Frameworks */,
			);
			sourceTree = "<group>";
		};
		EA148BA9208F5E0400EB22A4 /* Products */ = {
			isa = PBXGroup;
			children = (
				EA148BA8208F5E0400EB22A4 /* PreFRDB.app */,
				EA148BBC208F5E0800EB22A4 /* PreFRDBTests.xctest */,
				EA148BC7208F5E0800EB22A4 /* PreFRDBUITests.xctest */,
			);
			name = Products;
			sourceTree = "<group>";
		};
		EA148BAA208F5E0400EB22A4 /* PreFRDB */ = {
			isa = PBXGroup;
			children = (
				EA148BD9208FCEC100EB22A4 /* GoogleService-Info.plist */,
				EA148BAB208F5E0400EB22A4 /* AppDelegate.swift */,
				EA148BAD208F5E0400EB22A4 /* ViewController.swift */,
				EA148BAF208F5E0400EB22A4 /* Main.storyboard */,
				EA148BB2208F5E0800EB22A4 /* Assets.xcassets */,
				EA148BB4208F5E0800EB22A4 /* LaunchScreen.storyboard */,
				EA148BB7208F5E0800EB22A4 /* Info.plist */,
				EA0282232090107200022196 /* Component */,
				EA0282302090109600022196 /* Model */,
				EA148BDC2090043F00EB22A4 /* Entity */,
				EA148BE8209005C300EB22A4 /* Extension */,
			);
			path = PreFRDB;
			sourceTree = "<group>";
		};
		EA148BBF208F5E0800EB22A4 /* PreFRDBTests */ = {
			isa = PBXGroup;
			children = (
				EA148BC0208F5E0800EB22A4 /* PreFRDBTests.swift */,
				EA148BC2208F5E0800EB22A4 /* Info.plist */,
			);
			path = PreFRDBTests;
			sourceTree = "<group>";
		};
		EA148BCA208F5E0800EB22A4 /* PreFRDBUITests */ = {
			isa = PBXGroup;
			children = (
				EA148BCB208F5E0800EB22A4 /* PreFRDBUITests.swift */,
				EA148BCD208F5E0800EB22A4 /* Info.plist */,
			);
			path = PreFRDBUITests;
			sourceTree = "<group>";
		};
		EA148BDC2090043F00EB22A4 /* Entity */ = {
			isa = PBXGroup;
			children = (
				EA148BE52090055C00EB22A4 /* common */,
				EA148BDD2090047F00EB22A4 /* UserEntity.swift */,
				EA148BE1209004DD00EB22A4 /* CommentEntity.swift */,
				EA148BE32090051200EB22A4 /* LinkEntity.swift */,
			);
			path = Entity;
			sourceTree = "<group>";
		};
		EA148BE52090055C00EB22A4 /* common */ = {
			isa = PBXGroup;
			children = (
				EA148BE62090055C00EB22A4 /* Entity.swift */,
			);
			path = common;
			sourceTree = "<group>";
		};
		EA148BE8209005C300EB22A4 /* Extension */ = {
			isa = PBXGroup;
			children = (
				EA148BEB209005E200EB22A4 /* DatabaseReference+.swift */,
			);
			path = Extension;
			sourceTree = "<group>";
		};
/* End PBXGroup section */

/* Begin PBXNativeTarget section */
		EA148BA7208F5E0400EB22A4 /* PreFRDB */ = {
			isa = PBXNativeTarget;
			buildConfigurationList = EA148BD0208F5E0800EB22A4 /* Build configuration list for PBXNativeTarget "PreFRDB" */;
			buildPhases = (
				8878879FFAFBB0B3BC98D2A8 /* [CP] Check Pods Manifest.lock */,
				EA148BA4208F5E0400EB22A4 /* Sources */,
				EA148BA5208F5E0400EB22A4 /* Frameworks */,
				EA148BA6208F5E0400EB22A4 /* Resources */,
				0A032B707D91475054CA5FA7 /* [CP] Embed Pods Frameworks */,
			);
			buildRules = (
			);
			dependencies = (
			);
			name = PreFRDB;
			productName = PreFRDB;
			productReference = EA148BA8208F5E0400EB22A4 /* PreFRDB.app */;
			productType = "com.apple.product-type.application";
		};
		EA148BBB208F5E0800EB22A4 /* PreFRDBTests */ = {
			isa = PBXNativeTarget;
			buildConfigurationList = EA148BD3208F5E0800EB22A4 /* Build configuration list for PBXNativeTarget "PreFRDBTests" */;
			buildPhases = (
				1B5796D0ED550FFDD7426E93 /* [CP] Check Pods Manifest.lock */,
				EA148BB8208F5E0800EB22A4 /* Sources */,
				EA148BB9208F5E0800EB22A4 /* Frameworks */,
				EA148BBA208F5E0800EB22A4 /* Resources */,
			);
			buildRules = (
			);
			dependencies = (
				EA148BBE208F5E0800EB22A4 /* PBXTargetDependency */,
			);
			name = PreFRDBTests;
			productName = PreFRDBTests;
			productReference = EA148BBC208F5E0800EB22A4 /* PreFRDBTests.xctest */;
			productType = "com.apple.product-type.bundle.unit-test";
		};
		EA148BC6208F5E0800EB22A4 /* PreFRDBUITests */ = {
			isa = PBXNativeTarget;
			buildConfigurationList = EA148BD6208F5E0800EB22A4 /* Build configuration list for PBXNativeTarget "PreFRDBUITests" */;
			buildPhases = (
				337D94AF6BC2944E9F8609E8 /* [CP] Check Pods Manifest.lock */,
				EA148BC3208F5E0800EB22A4 /* Sources */,
				EA148BC4208F5E0800EB22A4 /* Frameworks */,
				EA148BC5208F5E0800EB22A4 /* Resources */,
			);
			buildRules = (
			);
			dependencies = (
				EA148BC9208F5E0800EB22A4 /* PBXTargetDependency */,
			);
			name = PreFRDBUITests;
			productName = PreFRDBUITests;
			productReference = EA148BC7208F5E0800EB22A4 /* PreFRDBUITests.xctest */;
			productType = "com.apple.product-type.bundle.ui-testing";
		};
/* End PBXNativeTarget section */

/* Begin PBXProject section */
		EA148BA0208F5E0400EB22A4 /* Project object */ = {
			isa = PBXProject;
			attributes = {
				LastSwiftUpdateCheck = 0930;
				LastUpgradeCheck = 0930;
				ORGANIZATIONNAME = "Masakazu Sano";
				TargetAttributes = {
					EA148BA7208F5E0400EB22A4 = {
						CreatedOnToolsVersion = 9.3;
					};
					EA148BBB208F5E0800EB22A4 = {
						CreatedOnToolsVersion = 9.3;
						TestTargetID = EA148BA7208F5E0400EB22A4;
					};
					EA148BC6208F5E0800EB22A4 = {
						CreatedOnToolsVersion = 9.3;
						TestTargetID = EA148BA7208F5E0400EB22A4;
					};
				};
			};
			buildConfigurationList = EA148BA3208F5E0400EB22A4 /* Build configuration list for PBXProject "PreFRDB" */;
			compatibilityVersion = "Xcode 9.3";
			developmentRegion = en;
			hasScannedForEncodings = 0;
			knownRegions = (
				en,
				Base,
			);
			mainGroup = EA148B9F208F5E0400EB22A4;
			productRefGroup = EA148BA9208F5E0400EB22A4 /* Products */;
			projectDirPath = "";
			projectRoot = "";
			targets = (
				EA148BA7208F5E0400EB22A4 /* PreFRDB */,
				EA148BBB208F5E0800EB22A4 /* PreFRDBTests */,
				EA148BC6208F5E0800EB22A4 /* PreFRDBUITests */,
			);
		};
/* End PBXProject section */

/* Begin PBXResourcesBuildPhase section */
		EA148BA6208F5E0400EB22A4 /* Resources */ = {
			isa = PBXResourcesBuildPhase;
			buildActionMask = 2147483647;
			files = (
				EA148BB6208F5E0800EB22A4 /* LaunchScreen.storyboard in Resources */,
				EA148BDA208FCEC100EB22A4 /* GoogleService-Info.plist in Resources */,
				EA148BB3208F5E0800EB22A4 /* Assets.xcassets in Resources */,
				EA148BB1208F5E0400EB22A4 /* Main.storyboard in Resources */,
			);
			runOnlyForDeploymentPostprocessing = 0;
		};
		EA148BBA208F5E0800EB22A4 /* Resources */ = {
			isa = PBXResourcesBuildPhase;
			buildActionMask = 2147483647;
			files = (
			);
			runOnlyForDeploymentPostprocessing = 0;
		};
		EA148BC5208F5E0800EB22A4 /* Resources */ = {
			isa = PBXResourcesBuildPhase;
			buildActionMask = 2147483647;
			files = (
			);
			runOnlyForDeploymentPostprocessing = 0;
		};
/* End PBXResourcesBuildPhase section */

/* Begin PBXShellScriptBuildPhase section */
		0A032B707D91475054CA5FA7 /* [CP] Embed Pods Frameworks */ = {
			isa = PBXShellScriptBuildPhase;
			buildActionMask = 2147483647;
			files = (
			);
			inputPaths = (
				"${SRCROOT}/Pods/Target Support Files/Pods-PreFRDB/Pods-PreFRDB-frameworks.sh",
				"${BUILT_PRODUCTS_DIR}/GoogleToolboxForMac/GoogleToolboxForMac.framework",
				"${BUILT_PRODUCTS_DIR}/RxSwift/RxSwift.framework",
				"${BUILT_PRODUCTS_DIR}/leveldb-library/leveldb.framework",
				"${BUILT_PRODUCTS_DIR}/nanopb/nanopb.framework",
			);
			name = "[CP] Embed Pods Frameworks";
			outputPaths = (
				"${TARGET_BUILD_DIR}/${FRAMEWORKS_FOLDER_PATH}/GoogleToolboxForMac.framework",
				"${TARGET_BUILD_DIR}/${FRAMEWORKS_FOLDER_PATH}/RxSwift.framework",
				"${TARGET_BUILD_DIR}/${FRAMEWORKS_FOLDER_PATH}/leveldb.framework",
				"${TARGET_BUILD_DIR}/${FRAMEWORKS_FOLDER_PATH}/nanopb.framework",
			);
			runOnlyForDeploymentPostprocessing = 0;
			shellPath = /bin/sh;
			shellScript = "\"${SRCROOT}/Pods/Target Support Files/Pods-PreFRDB/Pods-PreFRDB-frameworks.sh\"\n";
			showEnvVarsInLog = 0;
		};
		1B5796D0ED550FFDD7426E93 /* [CP] Check Pods Manifest.lock */ = {
			isa = PBXShellScriptBuildPhase;
			buildActionMask = 2147483647;
			files = (
			);
			inputPaths = (
				"${PODS_PODFILE_DIR_PATH}/Podfile.lock",
				"${PODS_ROOT}/Manifest.lock",
			);
			name = "[CP] Check Pods Manifest.lock";
			outputPaths = (
				"$(DERIVED_FILE_DIR)/Pods-PreFRDBTests-checkManifestLockResult.txt",
			);
			runOnlyForDeploymentPostprocessing = 0;
			shellPath = /bin/sh;
			shellScript = "diff \"${PODS_PODFILE_DIR_PATH}/Podfile.lock\" \"${PODS_ROOT}/Manifest.lock\" > /dev/null\nif [ $? != 0 ] ; then\n    # print error to STDERR\n    echo \"error: The sandbox is not in sync with the Podfile.lock. Run 'pod install' or update your CocoaPods installation.\" >&2\n    exit 1\nfi\n# This output is used by Xcode 'outputs' to avoid re-running this script phase.\necho \"SUCCESS\" > \"${SCRIPT_OUTPUT_FILE_0}\"\n";
			showEnvVarsInLog = 0;
		};
		337D94AF6BC2944E9F8609E8 /* [CP] Check Pods Manifest.lock */ = {
			isa = PBXShellScriptBuildPhase;
			buildActionMask = 2147483647;
			files = (
			);
			inputPaths = (
				"${PODS_PODFILE_DIR_PATH}/Podfile.lock",
				"${PODS_ROOT}/Manifest.lock",
			);
			name = "[CP] Check Pods Manifest.lock";
			outputPaths = (
				"$(DERIVED_FILE_DIR)/Pods-PreFRDBUITests-checkManifestLockResult.txt",
			);
			runOnlyForDeploymentPostprocessing = 0;
			shellPath = /bin/sh;
			shellScript = "diff \"${PODS_PODFILE_DIR_PATH}/Podfile.lock\" \"${PODS_ROOT}/Manifest.lock\" > /dev/null\nif [ $? != 0 ] ; then\n    # print error to STDERR\n    echo \"error: The sandbox is not in sync with the Podfile.lock. Run 'pod install' or update your CocoaPods installation.\" >&2\n    exit 1\nfi\n# This output is used by Xcode 'outputs' to avoid re-running this script phase.\necho \"SUCCESS\" > \"${SCRIPT_OUTPUT_FILE_0}\"\n";
			showEnvVarsInLog = 0;
		};
		8878879FFAFBB0B3BC98D2A8 /* [CP] Check Pods Manifest.lock */ = {
			isa = PBXShellScriptBuildPhase;
			buildActionMask = 2147483647;
			files = (
			);
			inputPaths = (
				"${PODS_PODFILE_DIR_PATH}/Podfile.lock",
				"${PODS_ROOT}/Manifest.lock",
			);
			name = "[CP] Check Pods Manifest.lock";
			outputPaths = (
				"$(DERIVED_FILE_DIR)/Pods-PreFRDB-checkManifestLockResult.txt",
			);
			runOnlyForDeploymentPostprocessing = 0;
			shellPath = /bin/sh;
			shellScript = "diff \"${PODS_PODFILE_DIR_PATH}/Podfile.lock\" \"${PODS_ROOT}/Manifest.lock\" > /dev/null\nif [ $? != 0 ] ; then\n    # print error to STDERR\n    echo \"error: The sandbox is not in sync with the Podfile.lock. Run 'pod install' or update your CocoaPods installation.\" >&2\n    exit 1\nfi\n# This output is used by Xcode 'outputs' to avoid re-running this script phase.\necho \"SUCCESS\" > \"${SCRIPT_OUTPUT_FILE_0}\"\n";
			showEnvVarsInLog = 0;
		};
/* End PBXShellScriptBuildPhase section */

/* Begin PBXSourcesBuildPhase section */
		EA148BA4208F5E0400EB22A4 /* Sources */ = {
			isa = PBXSourcesBuildPhase;
			buildActionMask = 2147483647;
			files = (
				EA02823F2090188B00022196 /* CommentTranslator.swift in Sources */,
				EA02822B2090107200022196 /* UserRepository.swift in Sources */,
				EA02822E2090107200022196 /* DataProvider.swift in Sources */,
				EA02823B2090178D00022196 /* LinkTranslator.swift in Sources */,
				EA028232209010A500022196 /* LinkModel.swift in Sources */,
				EA02822D2090107200022196 /* LinkRepository.swift in Sources */,
				EA148BEC209005E200EB22A4 /* DatabaseReference+.swift in Sources */,
				EA0282382090150800022196 /* Translator.swift in Sources */,
				EA148BE42090051200EB22A4 /* LinkEntity.swift in Sources */,
				EA02822F2090107200022196 /* UseCase.swift in Sources */,
				EA0282362090118900022196 /* CommentModel.swift in Sources */,
				EA02822C2090107200022196 /* CommentRepository.swift in Sources */,
				EA0282342090113800022196 /* UserModel.swift in Sources */,
				EA148BE2209004DD00EB22A4 /* CommentEntity.swift in Sources */,
				EA148BE72090055C00EB22A4 /* Entity.swift in Sources */,
				EA02823D2090183500022196 /* UserTranslator.swift in Sources */,
				EA148BAE208F5E0400EB22A4 /* ViewController.swift in Sources */,
				EA148BDE2090047F00EB22A4 /* UserEntity.swift in Sources */,
				EA148BAC208F5E0400EB22A4 /* AppDelegate.swift in Sources */,
			);
			runOnlyForDeploymentPostprocessing = 0;
		};
		EA148BB8208F5E0800EB22A4 /* Sources */ = {
			isa = PBXSourcesBuildPhase;
			buildActionMask = 2147483647;
			files = (
				EA148BC1208F5E0800EB22A4 /* PreFRDBTests.swift in Sources */,
			);
			runOnlyForDeploymentPostprocessing = 0;
		};
		EA148BC3208F5E0800EB22A4 /* Sources */ = {
			isa = PBXSourcesBuildPhase;
			buildActionMask = 2147483647;
			files = (
				EA148BCC208F5E0800EB22A4 /* PreFRDBUITests.swift in Sources */,
			);
			runOnlyForDeploymentPostprocessing = 0;
		};
/* End PBXSourcesBuildPhase section */

/* Begin PBXTargetDependency section */
		EA148BBE208F5E0800EB22A4 /* PBXTargetDependency */ = {
			isa = PBXTargetDependency;
			target = EA148BA7208F5E0400EB22A4 /* PreFRDB */;
			targetProxy = EA148BBD208F5E0800EB22A4 /* PBXContainerItemProxy */;
		};
		EA148BC9208F5E0800EB22A4 /* PBXTargetDependency */ = {
			isa = PBXTargetDependency;
			target = EA148BA7208F5E0400EB22A4 /* PreFRDB */;
			targetProxy = EA148BC8208F5E0800EB22A4 /* PBXContainerItemProxy */;
		};
/* End PBXTargetDependency section */

/* Begin PBXVariantGroup section */
		EA148BAF208F5E0400EB22A4 /* Main.storyboard */ = {
			isa = PBXVariantGroup;
			children = (
				EA148BB0208F5E0400EB22A4 /* Base */,
			);
			name = Main.storyboard;
			sourceTree = "<group>";
		};
		EA148BB4208F5E0800EB22A4 /* LaunchScreen.storyboard */ = {
			isa = PBXVariantGroup;
			children = (
				EA148BB5208F5E0800EB22A4 /* Base */,
			);
			name = LaunchScreen.storyboard;
			sourceTree = "<group>";
		};
/* End PBXVariantGroup section */

/* Begin XCBuildConfiguration section */
		EA148BCE208F5E0800EB22A4 /* Debug */ = {
			isa = XCBuildConfiguration;
			buildSettings = {
				ALWAYS_SEARCH_USER_PATHS = NO;
				CLANG_ANALYZER_NONNULL = YES;
				CLANG_ANALYZER_NUMBER_OBJECT_CONVERSION = YES_AGGRESSIVE;
				CLANG_CXX_LANGUAGE_STANDARD = "gnu++14";
				CLANG_CXX_LIBRARY = "libc++";
				CLANG_ENABLE_MODULES = YES;
				CLANG_ENABLE_OBJC_ARC = YES;
				CLANG_ENABLE_OBJC_WEAK = YES;
				CLANG_WARN_BLOCK_CAPTURE_AUTORELEASING = YES;
				CLANG_WARN_BOOL_CONVERSION = YES;
				CLANG_WARN_COMMA = YES;
				CLANG_WARN_CONSTANT_CONVERSION = YES;
				CLANG_WARN_DEPRECATED_OBJC_IMPLEMENTATIONS = YES;
				CLANG_WARN_DIRECT_OBJC_ISA_USAGE = YES_ERROR;
				CLANG_WARN_DOCUMENTATION_COMMENTS = YES;
				CLANG_WARN_EMPTY_BODY = YES;
				CLANG_WARN_ENUM_CONVERSION = YES;
				CLANG_WARN_INFINITE_RECURSION = YES;
				CLANG_WARN_INT_CONVERSION = YES;
				CLANG_WARN_NON_LITERAL_NULL_CONVERSION = YES;
				CLANG_WARN_OBJC_IMPLICIT_RETAIN_SELF = YES;
				CLANG_WARN_OBJC_LITERAL_CONVERSION = YES;
				CLANG_WARN_OBJC_ROOT_CLASS = YES_ERROR;
				CLANG_WARN_RANGE_LOOP_ANALYSIS = YES;
				CLANG_WARN_STRICT_PROTOTYPES = YES;
				CLANG_WARN_SUSPICIOUS_MOVE = YES;
				CLANG_WARN_UNGUARDED_AVAILABILITY = YES_AGGRESSIVE;
				CLANG_WARN_UNREACHABLE_CODE = YES;
				CLANG_WARN__DUPLICATE_METHOD_MATCH = YES;
				CODE_SIGN_IDENTITY = "iPhone Developer";
				COPY_PHASE_STRIP = NO;
				DEBUG_INFORMATION_FORMAT = dwarf;
				ENABLE_STRICT_OBJC_MSGSEND = YES;
				ENABLE_TESTABILITY = YES;
				GCC_C_LANGUAGE_STANDARD = gnu11;
				GCC_DYNAMIC_NO_PIC = NO;
				GCC_NO_COMMON_BLOCKS = YES;
				GCC_OPTIMIZATION_LEVEL = 0;
				GCC_PREPROCESSOR_DEFINITIONS = (
					"DEBUG=1",
					"$(inherited)",
				);
				GCC_WARN_64_TO_32_BIT_CONVERSION = YES;
				GCC_WARN_ABOUT_RETURN_TYPE = YES_ERROR;
				GCC_WARN_UNDECLARED_SELECTOR = YES;
				GCC_WARN_UNINITIALIZED_AUTOS = YES_AGGRESSIVE;
				GCC_WARN_UNUSED_FUNCTION = YES;
				GCC_WARN_UNUSED_VARIABLE = YES;
				IPHONEOS_DEPLOYMENT_TARGET = 11.3;
				MTL_ENABLE_DEBUG_INFO = YES;
				ONLY_ACTIVE_ARCH = YES;
				SDKROOT = iphoneos;
				SWIFT_ACTIVE_COMPILATION_CONDITIONS = DEBUG;
				SWIFT_OPTIMIZATION_LEVEL = "-Onone";
			};
			name = Debug;
		};
		EA148BCF208F5E0800EB22A4 /* Release */ = {
			isa = XCBuildConfiguration;
			buildSettings = {
				ALWAYS_SEARCH_USER_PATHS = NO;
				CLANG_ANALYZER_NONNULL = YES;
				CLANG_ANALYZER_NUMBER_OBJECT_CONVERSION = YES_AGGRESSIVE;
				CLANG_CXX_LANGUAGE_STANDARD = "gnu++14";
				CLANG_CXX_LIBRARY = "libc++";
				CLANG_ENABLE_MODULES = YES;
				CLANG_ENABLE_OBJC_ARC = YES;
				CLANG_ENABLE_OBJC_WEAK = YES;
				CLANG_WARN_BLOCK_CAPTURE_AUTORELEASING = YES;
				CLANG_WARN_BOOL_CONVERSION = YES;
				CLANG_WARN_COMMA = YES;
				CLANG_WARN_CONSTANT_CONVERSION = YES;
				CLANG_WARN_DEPRECATED_OBJC_IMPLEMENTATIONS = YES;
				CLANG_WARN_DIRECT_OBJC_ISA_USAGE = YES_ERROR;
				CLANG_WARN_DOCUMENTATION_COMMENTS = YES;
				CLANG_WARN_EMPTY_BODY = YES;
				CLANG_WARN_ENUM_CONVERSION = YES;
				CLANG_WARN_INFINITE_RECURSION = YES;
				CLANG_WARN_INT_CONVERSION = YES;
				CLANG_WARN_NON_LITERAL_NULL_CONVERSION = YES;
				CLANG_WARN_OBJC_IMPLICIT_RETAIN_SELF = YES;
				CLANG_WARN_OBJC_LITERAL_CONVERSION = YES;
				CLANG_WARN_OBJC_ROOT_CLASS = YES_ERROR;
				CLANG_WARN_RANGE_LOOP_ANALYSIS = YES;
				CLANG_WARN_STRICT_PROTOTYPES = YES;
				CLANG_WARN_SUSPICIOUS_MOVE = YES;
				CLANG_WARN_UNGUARDED_AVAILABILITY = YES_AGGRESSIVE;
				CLANG_WARN_UNREACHABLE_CODE = YES;
				CLANG_WARN__DUPLICATE_METHOD_MATCH = YES;
				CODE_SIGN_IDENTITY = "iPhone Developer";
				COPY_PHASE_STRIP = NO;
				DEBUG_INFORMATION_FORMAT = "dwarf-with-dsym";
				ENABLE_NS_ASSERTIONS = NO;
				ENABLE_STRICT_OBJC_MSGSEND = YES;
				GCC_C_LANGUAGE_STANDARD = gnu11;
				GCC_NO_COMMON_BLOCKS = YES;
				GCC_WARN_64_TO_32_BIT_CONVERSION = YES;
				GCC_WARN_ABOUT_RETURN_TYPE = YES_ERROR;
				GCC_WARN_UNDECLARED_SELECTOR = YES;
				GCC_WARN_UNINITIALIZED_AUTOS = YES_AGGRESSIVE;
				GCC_WARN_UNUSED_FUNCTION = YES;
				GCC_WARN_UNUSED_VARIABLE = YES;
				IPHONEOS_DEPLOYMENT_TARGET = 11.3;
				MTL_ENABLE_DEBUG_INFO = NO;
				SDKROOT = iphoneos;
				SWIFT_COMPILATION_MODE = wholemodule;
				SWIFT_OPTIMIZATION_LEVEL = "-O";
				VALIDATE_PRODUCT = YES;
			};
			name = Release;
		};
		EA148BD1208F5E0800EB22A4 /* Debug */ = {
			isa = XCBuildConfiguration;
			baseConfigurationReference = 0D281B196F178D81D4CEAB1B /* Pods-PreFRDB.debug.xcconfig */;
			buildSettings = {
				ASSETCATALOG_COMPILER_APPICON_NAME = AppIcon;
				CODE_SIGN_STYLE = Automatic;
				DEVELOPMENT_TEAM = 3ZMTZ3U33V;
				INFOPLIST_FILE = PreFRDB/Info.plist;
				LD_RUNPATH_SEARCH_PATHS = (
					"$(inherited)",
					"@executable_path/Frameworks",
				);
				PRODUCT_BUNDLE_IDENTIFIER = cc.ka56cd.PreFRDB;
				PRODUCT_NAME = "$(TARGET_NAME)";
				SWIFT_VERSION = 4.0;
				TARGETED_DEVICE_FAMILY = "1,2";
			};
			name = Debug;
		};
		EA148BD2208F5E0800EB22A4 /* Release */ = {
			isa = XCBuildConfiguration;
			baseConfigurationReference = 1D21B29DECFB33B5EF1AF459 /* Pods-PreFRDB.release.xcconfig */;
			buildSettings = {
				ASSETCATALOG_COMPILER_APPICON_NAME = AppIcon;
				CODE_SIGN_STYLE = Automatic;
				DEVELOPMENT_TEAM = 3ZMTZ3U33V;
				INFOPLIST_FILE = PreFRDB/Info.plist;
				LD_RUNPATH_SEARCH_PATHS = (
					"$(inherited)",
					"@executable_path/Frameworks",
				);
				PRODUCT_BUNDLE_IDENTIFIER = cc.ka56cd.PreFRDB;
				PRODUCT_NAME = "$(TARGET_NAME)";
				SWIFT_VERSION = 4.0;
				TARGETED_DEVICE_FAMILY = "1,2";
			};
			name = Release;
		};
		EA148BD4208F5E0800EB22A4 /* Debug */ = {
			isa = XCBuildConfiguration;
			baseConfigurationReference = 357BB40EEA2277F5A9F644EA /* Pods-PreFRDBTests.debug.xcconfig */;
			buildSettings = {
				ALWAYS_EMBED_SWIFT_STANDARD_LIBRARIES = YES;
				BUNDLE_LOADER = "$(TEST_HOST)";
				CODE_SIGN_STYLE = Automatic;
				DEVELOPMENT_TEAM = 3ZMTZ3U33V;
				INFOPLIST_FILE = PreFRDBTests/Info.plist;
				LD_RUNPATH_SEARCH_PATHS = (
					"$(inherited)",
					"@executable_path/Frameworks",
					"@loader_path/Frameworks",
				);
				PRODUCT_BUNDLE_IDENTIFIER = cc.ka56cd.PreFRDBTests;
				PRODUCT_NAME = "$(TARGET_NAME)";
				SWIFT_VERSION = 4.0;
				TARGETED_DEVICE_FAMILY = "1,2";
				TEST_HOST = "$(BUILT_PRODUCTS_DIR)/PreFRDB.app/PreFRDB";
			};
			name = Debug;
		};
		EA148BD5208F5E0800EB22A4 /* Release */ = {
			isa = XCBuildConfiguration;
			baseConfigurationReference = 6751C134154C77D2C0F16D17 /* Pods-PreFRDBTests.release.xcconfig */;
			buildSettings = {
				ALWAYS_EMBED_SWIFT_STANDARD_LIBRARIES = YES;
				BUNDLE_LOADER = "$(TEST_HOST)";
				CODE_SIGN_STYLE = Automatic;
				DEVELOPMENT_TEAM = 3ZMTZ3U33V;
				INFOPLIST_FILE = PreFRDBTests/Info.plist;
				LD_RUNPATH_SEARCH_PATHS = (
					"$(inherited)",
					"@executable_path/Frameworks",
					"@loader_path/Frameworks",
				);
				PRODUCT_BUNDLE_IDENTIFIER = cc.ka56cd.PreFRDBTests;
				PRODUCT_NAME = "$(TARGET_NAME)";
				SWIFT_VERSION = 4.0;
				TARGETED_DEVICE_FAMILY = "1,2";
				TEST_HOST = "$(BUILT_PRODUCTS_DIR)/PreFRDB.app/PreFRDB";
			};
			name = Release;
		};
		EA148BD7208F5E0800EB22A4 /* Debug */ = {
			isa = XCBuildConfiguration;
			baseConfigurationReference = C9C85A3F0BF6ECF288BD7337 /* Pods-PreFRDBUITests.debug.xcconfig */;
			buildSettings = {
				ALWAYS_EMBED_SWIFT_STANDARD_LIBRARIES = YES;
				CODE_SIGN_STYLE = Automatic;
				DEVELOPMENT_TEAM = 3ZMTZ3U33V;
				INFOPLIST_FILE = PreFRDBUITests/Info.plist;
				LD_RUNPATH_SEARCH_PATHS = (
					"$(inherited)",
					"@executable_path/Frameworks",
					"@loader_path/Frameworks",
				);
				PRODUCT_BUNDLE_IDENTIFIER = cc.ka56cd.PreFRDBUITests;
				PRODUCT_NAME = "$(TARGET_NAME)";
				SWIFT_VERSION = 4.0;
				TARGETED_DEVICE_FAMILY = "1,2";
				TEST_TARGET_NAME = PreFRDB;
			};
			name = Debug;
		};
		EA148BD8208F5E0800EB22A4 /* Release */ = {
			isa = XCBuildConfiguration;
			baseConfigurationReference = 00F4670AED698ED73D77AE0A /* Pods-PreFRDBUITests.release.xcconfig */;
			buildSettings = {
				ALWAYS_EMBED_SWIFT_STANDARD_LIBRARIES = YES;
				CODE_SIGN_STYLE = Automatic;
				DEVELOPMENT_TEAM = 3ZMTZ3U33V;
				INFOPLIST_FILE = PreFRDBUITests/Info.plist;
				LD_RUNPATH_SEARCH_PATHS = (
					"$(inherited)",
					"@executable_path/Frameworks",
					"@loader_path/Frameworks",
				);
				PRODUCT_BUNDLE_IDENTIFIER = cc.ka56cd.PreFRDBUITests;
				PRODUCT_NAME = "$(TARGET_NAME)";
				SWIFT_VERSION = 4.0;
				TARGETED_DEVICE_FAMILY = "1,2";
				TEST_TARGET_NAME = PreFRDB;
			};
			name = Release;
		};
/* End XCBuildConfiguration section */

/* Begin XCConfigurationList section */
		EA148BA3208F5E0400EB22A4 /* Build configuration list for PBXProject "PreFRDB" */ = {
			isa = XCConfigurationList;
			buildConfigurations = (
				EA148BCE208F5E0800EB22A4 /* Debug */,
				EA148BCF208F5E0800EB22A4 /* Release */,
			);
			defaultConfigurationIsVisible = 0;
			defaultConfigurationName = Release;
		};
		EA148BD0208F5E0800EB22A4 /* Build configuration list for PBXNativeTarget "PreFRDB" */ = {
			isa = XCConfigurationList;
			buildConfigurations = (
				EA148BD1208F5E0800EB22A4 /* Debug */,
				EA148BD2208F5E0800EB22A4 /* Release */,
			);
			defaultConfigurationIsVisible = 0;
			defaultConfigurationName = Release;
		};
		EA148BD3208F5E0800EB22A4 /* Build configuration list for PBXNativeTarget "PreFRDBTests" */ = {
			isa = XCConfigurationList;
			buildConfigurations = (
				EA148BD4208F5E0800EB22A4 /* Debug */,
				EA148BD5208F5E0800EB22A4 /* Release */,
			);
			defaultConfigurationIsVisible = 0;
			defaultConfigurationName = Release;
		};
		EA148BD6208F5E0800EB22A4 /* Build configuration list for PBXNativeTarget "PreFRDBUITests" */ = {
			isa = XCConfigurationList;
			buildConfigurations = (
				EA148BD7208F5E0800EB22A4 /* Debug */,
				EA148BD8208F5E0800EB22A4 /* Release */,
			);
			defaultConfigurationIsVisible = 0;
			defaultConfigurationName = Release;
		};
/* End XCConfigurationList section */
	};
	rootObject = EA148BA0208F5E0400EB22A4 /* Project object */;
}
